// !$*UTF8*$!
{
	archiveVersion = 1;
	classes = {
	};
	objectVersion = 46;
	objects = {

/* Begin PBXBuildFile section */
		095F94121DF518E300521C44 /* FirstVC.m in Sources */ = {isa = PBXBuildFile; fileRef = 095F94111DF518E300521C44 /* FirstVC.m */; };
		096A55131DF429C500236BA3 /* main.m in Sources */ = {isa = PBXBuildFile; fileRef = 096A55121DF429C500236BA3 /* main.m */; };
		096A55161DF429C500236BA3 /* AppDelegate.m in Sources */ = {isa = PBXBuildFile; fileRef = 096A55151DF429C500236BA3 /* AppDelegate.m */; };
		096A55191DF429C500236BA3 /* ViewController.m in Sources */ = {isa = PBXBuildFile; fileRef = 096A55181DF429C500236BA3 /* ViewController.m */; };
		096A551C1DF429C500236BA3 /* Main.storyboard in Resources */ = {isa = PBXBuildFile; fileRef = 096A551A1DF429C500236BA3 /* Main.storyboard */; };
		096A551E1DF429C500236BA3 /* Assets.xcassets in Resources */ = {isa = PBXBuildFile; fileRef = 096A551D1DF429C500236BA3 /* Assets.xcassets */; };
		096A55211DF429C500236BA3 /* LaunchScreen.storyboard in Resources */ = {isa = PBXBuildFile; fileRef = 096A551F1DF429C500236BA3 /* LaunchScreen.storyboard */; };
		096A552C1DF429C500236BA3 /* ____Tests.m in Sources */ = {isa = PBXBuildFile; fileRef = 096A552B1DF429C500236BA3 /* ____Tests.m */; };
		096A55371DF429C500236BA3 /* ____UITests.m in Sources */ = {isa = PBXBuildFile; fileRef = 096A55361DF429C500236BA3 /* ____UITests.m */; };
/* End PBXBuildFile section */

/* Begin PBXContainerItemProxy section */
		096A55281DF429C500236BA3 /* PBXContainerItemProxy */ = {
			isa = PBXContainerItemProxy;
			containerPortal = 096A55061DF429C500236BA3 /* Project object */;
			proxyType = 1;
			remoteGlobalIDString = 096A550D1DF429C500236BA3;
			remoteInfo = "面试汇总";
		};
		096A55331DF429C500236BA3 /* PBXContainerItemProxy */ = {
			isa = PBXContainerItemProxy;
			containerPortal = 096A55061DF429C500236BA3 /* Project object */;
			proxyType = 1;
			remoteGlobalIDString = 096A550D1DF429C500236BA3;
			remoteInfo = "面试汇总";
		};
/* End PBXContainerItemProxy section */

/* Begin PBXFileReference section */
		095F94101DF518E300521C44 /* FirstVC.h */ = {isa = PBXFileReference; fileEncoding = 4; lastKnownFileType = sourcecode.c.h; path = FirstVC.h; sourceTree = "<group>"; };
		095F94111DF518E300521C44 /* FirstVC.m */ = {isa = PBXFileReference; fileEncoding = 4; lastKnownFileType = sourcecode.c.objc; path = FirstVC.m; sourceTree = "<group>"; };
		096A550E1DF429C500236BA3 /* 面试汇总.app */ = {isa = PBXFileReference; explicitFileType = wrapper.application; includeInIndex = 0; path = "面试汇总.app"; sourceTree = BUILT_PRODUCTS_DIR; };
		096A55121DF429C500236BA3 /* main.m */ = {isa = PBXFileReference; lastKnownFileType = sourcecode.c.objc; path = main.m; sourceTree = "<group>"; };
		096A55141DF429C500236BA3 /* AppDelegate.h */ = {isa = PBXFileReference; lastKnownFileType = sourcecode.c.h; path = AppDelegate.h; sourceTree = "<group>"; };
		096A55151DF429C500236BA3 /* AppDelegate.m */ = {isa = PBXFileReference; lastKnownFileType = sourcecode.c.objc; path = AppDelegate.m; sourceTree = "<group>"; };
		096A55171DF429C500236BA3 /* ViewController.h */ = {isa = PBXFileReference; lastKnownFileType = sourcecode.c.h; path = ViewController.h; sourceTree = "<group>"; };
		096A55181DF429C500236BA3 /* ViewController.m */ = {isa = PBXFileReference; lastKnownFileType = sourcecode.c.objc; path = ViewController.m; sourceTree = "<group>"; };
		096A551B1DF429C500236BA3 /* Base */ = {isa = PBXFileReference; lastKnownFileType = file.storyboard; name = Base; path = Base.lproj/Main.storyboard; sourceTree = "<group>"; };
		096A551D1DF429C500236BA3 /* Assets.xcassets */ = {isa = PBXFileReference; lastKnownFileType = folder.assetcatalog; path = Assets.xcassets; sourceTree = "<group>"; };
		096A55201DF429C500236BA3 /* Base */ = {isa = PBXFileReference; lastKnownFileType = file.storyboard; name = Base; path = Base.lproj/LaunchScreen.storyboard; sourceTree = "<group>"; };
		096A55221DF429C500236BA3 /* Info.plist */ = {isa = PBXFileReference; lastKnownFileType = text.plist.xml; path = Info.plist; sourceTree = "<group>"; };
		096A55271DF429C500236BA3 /* 面试汇总Tests.xctest */ = {isa = PBXFileReference; explicitFileType = wrapper.cfbundle; includeInIndex = 0; path = "面试汇总Tests.xctest"; sourceTree = BUILT_PRODUCTS_DIR; };
		096A552B1DF429C500236BA3 /* ____Tests.m */ = {isa = PBXFileReference; lastKnownFileType = sourcecode.c.objc; path = "____Tests.m"; sourceTree = "<group>"; };
		096A552D1DF429C500236BA3 /* Info.plist */ = {isa = PBXFileReference; lastKnownFileType = text.plist.xml; path = Info.plist; sourceTree = "<group>"; };
		096A55321DF429C500236BA3 /* 面试汇总UITests.xctest */ = {isa = PBXFileReference; explicitFileType = wrapper.cfbundle; includeInIndex = 0; path = "面试汇总UITests.xctest"; sourceTree = BUILT_PRODUCTS_DIR; };
		096A55361DF429C500236BA3 /* ____UITests.m */ = {isa = PBXFileReference; lastKnownFileType = sourcecode.c.objc; path = "____UITests.m"; sourceTree = "<group>"; };
		096A55381DF429C500236BA3 /* Info.plist */ = {isa = PBXFileReference; lastKnownFileType = text.plist.xml; path = Info.plist; sourceTree = "<group>"; };
/* End PBXFileReference section */

/* Begin PBXFrameworksBuildPhase section */
		096A550B1DF429C500236BA3 /* Frameworks */ = {
			isa = PBXFrameworksBuildPhase;
			buildActionMask = 2147483647;
			files = (
			);
			runOnlyForDeploymentPostprocessing = 0;
		};
		096A55241DF429C500236BA3 /* Frameworks */ = {
			isa = PBXFrameworksBuildPhase;
			buildActionMask = 2147483647;
			files = (
			);
			runOnlyForDeploymentPostprocessing = 0;
		};
		096A552F1DF429C500236BA3 /* Frameworks */ = {
			isa = PBXFrameworksBuildPhase;
			buildActionMask = 2147483647;
			files = (
			);
			runOnlyForDeploymentPostprocessing = 0;
		};
/* End PBXFrameworksBuildPhase section */

/* Begin PBXGroup section */
		096A55051DF429C500236BA3 = {
			isa = PBXGroup;
			children = (
				096A55101DF429C500236BA3 /* 面试汇总 */,
				096A552A1DF429C500236BA3 /* 面试汇总Tests */,
				096A55351DF429C500236BA3 /* 面试汇总UITests */,
				096A550F1DF429C500236BA3 /* Products */,
			);
			sourceTree = "<group>";
		};
		096A550F1DF429C500236BA3 /* Products */ = {
			isa = PBXGroup;
			children = (
				096A550E1DF429C500236BA3 /* 面试汇总.app */,
				096A55271DF429C500236BA3 /* 面试汇总Tests.xctest */,
				096A55321DF429C500236BA3 /* 面试汇总UITests.xctest */,
			);
			name = Products;
			sourceTree = "<group>";
		};
		096A55101DF429C500236BA3 /* 面试汇总 */ = {
			isa = PBXGroup;
			children = (
				096A55141DF429C500236BA3 /* AppDelegate.h */,
				096A55151DF429C500236BA3 /* AppDelegate.m */,
				096A55171DF429C500236BA3 /* ViewController.h */,
				096A55181DF429C500236BA3 /* ViewController.m */,
				095F94101DF518E300521C44 /* FirstVC.h */,
				095F94111DF518E300521C44 /* FirstVC.m */,
				096A551A1DF429C500236BA3 /* Main.storyboard */,
				096A551D1DF429C500236BA3 /* Assets.xcassets */,
				096A551F1DF429C500236BA3 /* LaunchScreen.storyboard */,
				096A55221DF429C500236BA3 /* Info.plist */,
				096A55111DF429C500236BA3 /* Supporting Files */,
			);
			path = "面试汇总";
			sourceTree = "<group>";
		};
		096A55111DF429C500236BA3 /* Supporting Files */ = {
			isa = PBXGroup;
			children = (
				096A55121DF429C500236BA3 /* main.m */,
			);
			name = "Supporting Files";
			sourceTree = "<group>";
		};
		096A552A1DF429C500236BA3 /* 面试汇总Tests */ = {
			isa = PBXGroup;
			children = (
				096A552B1DF429C500236BA3 /* ____Tests.m */,
				096A552D1DF429C500236BA3 /* Info.plist */,
			);
			path = "面试汇总Tests";
			sourceTree = "<group>";
		};
		096A55351DF429C500236BA3 /* 面试汇总UITests */ = {
			isa = PBXGroup;
			children = (
				096A55361DF429C500236BA3 /* ____UITests.m */,
				096A55381DF429C500236BA3 /* Info.plist */,
			);
			path = "面试汇总UITests";
			sourceTree = "<group>";
		};
/* End PBXGroup section */

/* Begin PBXNativeTarget section */
		096A550D1DF429C500236BA3 /* 面试汇总 */ = {
			isa = PBXNativeTarget;
			buildConfigurationList = 096A553B1DF429C500236BA3 /* Build configuration list for PBXNativeTarget "面试汇总" */;
			buildPhases = (
				096A550A1DF429C500236BA3 /* Sources */,
				096A550B1DF429C500236BA3 /* Frameworks */,
				096A550C1DF429C500236BA3 /* Resources */,
			);
			buildRules = (
			);
			dependencies = (
			);
			name = "面试汇总";
			productName = "面试汇总";
			productReference = 096A550E1DF429C500236BA3 /* 面试汇总.app */;
			productType = "com.apple.product-type.application";
		};
		096A55261DF429C500236BA3 /* 面试汇总Tests */ = {
			isa = PBXNativeTarget;
			buildConfigurationList = 096A553E1DF429C500236BA3 /* Build configuration list for PBXNativeTarget "面试汇总Tests" */;
			buildPhases = (
				096A55231DF429C500236BA3 /* Sources */,
				096A55241DF429C500236BA3 /* Frameworks */,
				096A55251DF429C500236BA3 /* Resources */,
			);
			buildRules = (
			);
			dependencies = (
				096A55291DF429C500236BA3 /* PBXTargetDependency */,
			);
			name = "面试汇总Tests";
			productName = "面试汇总Tests";
			productReference = 096A55271DF429C500236BA3 /* 面试汇总Tests.xctest */;
			productType = "com.apple.product-type.bundle.unit-test";
		};
		096A55311DF429C500236BA3 /* 面试汇总UITests */ = {
			isa = PBXNativeTarget;
			buildConfigurationList = 096A55411DF429C500236BA3 /* Build configuration list for PBXNativeTarget "面试汇总UITests" */;
			buildPhases = (
				096A552E1DF429C500236BA3 /* Sources */,
				096A552F1DF429C500236BA3 /* Frameworks */,
				096A55301DF429C500236BA3 /* Resources */,
			);
			buildRules = (
			);
			dependencies = (
				096A55341DF429C500236BA3 /* PBXTargetDependency */,
			);
			name = "面试汇总UITests";
			productName = "面试汇总UITests";
			productReference = 096A55321DF429C500236BA3 /* 面试汇总UITests.xctest */;
			productType = "com.apple.product-type.bundle.ui-testing";
		};
/* End PBXNativeTarget section */

/* Begin PBXProject section */
		096A55061DF429C500236BA3 /* Project object */ = {
			isa = PBXProject;
			attributes = {
				LastUpgradeCheck = 0720;
				ORGANIZATIONNAME = "阳光";
				TargetAttributes = {
					096A550D1DF429C500236BA3 = {
						CreatedOnToolsVersion = 7.2;
					};
					096A55261DF429C500236BA3 = {
						CreatedOnToolsVersion = 7.2;
						TestTargetID = 096A550D1DF429C500236BA3;
					};
					096A55311DF429C500236BA3 = {
						CreatedOnToolsVersion = 7.2;
						TestTargetID = 096A550D1DF429C500236BA3;
					};
				};
			};
			buildConfigurationList = 096A55091DF429C500236BA3 /* Build configuration list for PBXProject "面试汇总" */;
			compatibilityVersion = "Xcode 3.2";
			developmentRegion = English;
			hasScannedForEncodings = 0;
			knownRegions = (
				en,
				Base,
			);
			mainGroup = 096A55051DF429C500236BA3;
			productRefGroup = 096A550F1DF429C500236BA3 /* Products */;
			projectDirPath = "";
			projectRoot = "";
			targets = (
				096A550D1DF429C500236BA3 /* 面试汇总 */,
				096A55261DF429C500236BA3 /* 面试汇总Tests */,
				096A55311DF429C500236BA3 /* 面试汇总UITests */,
			);
		};
/* End PBXProject section */

/* Begin PBXResourcesBuildPhase section */
		096A550C1DF429C500236BA3 /* Resources */ = {
			isa = PBXResourcesBuildPhase;
			buildActionMask = 2147483647;
			files = (
				096A55211DF429C500236BA3 /* LaunchScreen.storyboard in Resources */,
				096A551E1DF429C500236BA3 /* Assets.xcassets in Resources */,
				096A551C1DF429C500236BA3 /* Main.storyboard in Resources */,
			);
			runOnlyForDeploymentPostprocessing = 0;
		};
		096A55251DF429C500236BA3 /* Resources */ = {
			isa = PBXResourcesBuildPhase;
			buildActionMask = 2147483647;
			files = (
			);
			runOnlyForDeploymentPostprocessing = 0;
		};
		096A55301DF429C500236BA3 /* Resources */ = {
			isa = PBXResourcesBuildPhase;
			buildActionMask = 2147483647;
			files = (
			);
			runOnlyForDeploymentPostprocessing = 0;
		};
/* End PBXResourcesBuildPhase section */

/* Begin PBXSourcesBuildPhase section */
		096A550A1DF429C500236BA3 /* Sources */ = {
			isa = PBXSourcesBuildPhase;
			buildActionMask = 2147483647;
			files = (
				096A55191DF429C500236BA3 /* ViewController.m in Sources */,
				095F94121DF518E300521C44 /* FirstVC.m in Sources */,
				096A55161DF429C500236BA3 /* AppDelegate.m in Sources */,
				096A55131DF429C500236BA3 /* main.m in Sources */,
			);
			runOnlyForDeploymentPostprocessing = 0;
		};
		096A55231DF429C500236BA3 /* Sources */ = {
			isa = PBXSourcesBuildPhase;
			buildActionMask = 2147483647;
			files = (
				096A552C1DF429C500236BA3 /* ____Tests.m in Sources */,
			);
			runOnlyForDeploymentPostprocessing = 0;
		};
		096A552E1DF429C500236BA3 /* Sources */ = {
			isa = PBXSourcesBuildPhase;
			buildActionMask = 2147483647;
			files = (
				096A55371DF429C500236BA3 /* ____UITests.m in Sources */,
			);
			runOnlyForDeploymentPostprocessing = 0;
		};
/* End PBXSourcesBuildPhase section */

/* Begin PBXTargetDependency section */
		096A55291DF429C500236BA3 /* PBXTargetDependency */ = {
			isa = PBXTargetDependency;
			target = 096A550D1DF429C500236BA3 /* 面试汇总 */;
			targetProxy = 096A55281DF429C500236BA3 /* PBXContainerItemProxy */;
		};
		096A55341DF429C500236BA3 /* PBXTargetDependency */ = {
			isa = PBXTargetDependency;
			target = 096A550D1DF429C500236BA3 /* 面试汇总 */;
			targetProxy = 096A55331DF429C500236BA3 /* PBXContainerItemProxy */;
		};
/* End PBXTargetDependency section */

/* Begin PBXVariantGroup section */
		096A551A1DF429C500236BA3 /* Main.storyboard */ = {
			isa = PBXVariantGroup;
			children = (
				096A551B1DF429C500236BA3 /* Base */,
			);
			name = Main.storyboard;
			sourceTree = "<group>";
		};
		096A551F1DF429C500236BA3 /* LaunchScreen.storyboard */ = {
			isa = PBXVariantGroup;
			children = (
				096A55201DF429C500236BA3 /* Base */,
			);
			name = LaunchScreen.storyboard;
			sourceTree = "<group>";
		};
/* End PBXVariantGroup section */

/* Begin XCBuildConfiguration section */
		096A55391DF429C500236BA3 /* Debug */ = {
			isa = XCBuildConfiguration;
			buildSettings = {
				ALWAYS_SEARCH_USER_PATHS = NO;
				CLANG_CXX_LANGUAGE_STANDARD = "gnu++0x";
				CLANG_CXX_LIBRARY = "libc++";
				CLANG_ENABLE_MODULES = YES;
				CLANG_ENABLE_OBJC_ARC = YES;
				CLANG_WARN_BOOL_CONVERSION = YES;
				CLANG_WARN_CONSTANT_CONVERSION = YES;
				CLANG_WARN_DIRECT_OBJC_ISA_USAGE = YES_ERROR;
				CLANG_WARN_EMPTY_BODY = YES;
				CLANG_WARN_ENUM_CONVERSION = YES;
				CLANG_WARN_INT_CONVERSION = YES;
				CLANG_WARN_OBJC_ROOT_CLASS = YES_ERROR;
				CLANG_WARN_UNREACHABLE_CODE = YES;
				CLANG_WARN__DUPLICATE_METHOD_MATCH = YES;
				"CODE_SIGN_IDENTITY[sdk=iphoneos*]" = "iPhone Developer";
				COPY_PHASE_STRIP = NO;
				DEBUG_INFORMATION_FORMAT = dwarf;
				ENABLE_STRICT_OBJC_MSGSEND = YES;
				ENABLE_TESTABILITY = YES;
				GCC_C_LANGUAGE_STANDARD = gnu99;
				GCC_DYNAMIC_NO_PIC = NO;
				GCC_NO_COMMON_BLOCKS = YES;
				GCC_OPTIMIZATION_LEVEL = 0;
				GCC_PREPROCESSOR_DEFINITIONS = (
					"DEBUG=1",
					"$(inherited)",
				);
				GCC_WARN_64_TO_32_BIT_CONVERSION = YES;
				GCC_WARN_ABOUT_RETURN_TYPE = YES_ERROR;
				GCC_WARN_UNDECLARED_SELECTOR = YES;
				GCC_WARN_UNINITIALIZED_AUTOS = YES_AGGRESSIVE;
				GCC_WARN_UNUSED_FUNCTION = YES;
				GCC_WARN_UNUSED_VARIABLE = YES;
				IPHONEOS_DEPLOYMENT_TARGET = 9.2;
				MTL_ENABLE_DEBUG_INFO = YES;
				ONLY_ACTIVE_ARCH = YES;
				SDKROOT = iphoneos;
			};
			name = Debug;
		};
		096A553A1DF429C500236BA3 /* Release */ = {
			isa = XCBuildConfiguration;
			buildSettings = {
				ALWAYS_SEARCH_USER_PATHS = NO;
				CLANG_CXX_LANGUAGE_STANDARD = "gnu++0x";
				CLANG_CXX_LIBRARY = "libc++";
				CLANG_ENABLE_MODULES = YES;
				CLANG_ENABLE_OBJC_ARC = YES;
				CLANG_WARN_BOOL_CONVERSION = YES;
				CLANG_WARN_CONSTANT_CONVERSION = YES;
				CLANG_WARN_DIRECT_OBJC_ISA_USAGE = YES_ERROR;
				CLANG_WARN_EMPTY_BODY = YES;
				CLANG_WARN_ENUM_CONVERSION = YES;
				CLANG_WARN_INT_CONVERSION = YES;
				CLANG_WARN_OBJC_ROOT_CLASS = YES_ERROR;
				CLANG_WARN_UNREACHABLE_CODE = YES;
				CLANG_WARN__DUPLICATE_METHOD_MATCH = YES;
				"CODE_SIGN_IDENTITY[sdk=iphoneos*]" = "iPhone Developer";
				COPY_PHASE_STRIP = NO;
				DEBUG_INFORMATION_FORMAT = "dwarf-with-dsym";
				ENABLE_NS_ASSERTIONS = NO;
				ENABLE_STRICT_OBJC_MSGSEND = YES;
				GCC_C_LANGUAGE_STANDARD = gnu99;
				GCC_NO_COMMON_BLOCKS = YES;
				GCC_WARN_64_TO_32_BIT_CONVERSION = YES;
				GCC_WARN_ABOUT_RETURN_TYPE = YES_ERROR;
				GCC_WARN_UNDECLARED_SELECTOR = YES;
				GCC_WARN_UNINITIALIZED_AUTOS = YES_AGGRESSIVE;
				GCC_WARN_UNUSED_FUNCTION = YES;
				GCC_WARN_UNUSED_VARIABLE = YES;
				IPHONEOS_DEPLOYMENT_TARGET = 9.2;
				MTL_ENABLE_DEBUG_INFO = NO;
				SDKROOT = iphoneos;
				VALIDATE_PRODUCT = YES;
			};
			name = Release;
		};
		096A553C1DF429C500236BA3 /* Debug */ = {
			isa = XCBuildConfiguration;
			buildSettings = {
				ASSETCATALOG_COMPILER_APPICON_NAME = AppIcon;
				INFOPLIST_FILE = "面试汇总/Info.plist";
				LD_RUNPATH_SEARCH_PATHS = "$(inherited) @executable_path/Frameworks";
				PRODUCT_BUNDLE_IDENTIFIER = "Qibei.com.----";
				PRODUCT_NAME = "$(TARGET_NAME)";
			};
			name = Debug;
		};
		096A553D1DF429C500236BA3 /* Release */ = {
			isa = XCBuildConfiguration;
			buildSettings = {
				ASSETCATALOG_COMPILER_APPICON_NAME = AppIcon;
				INFOPLIST_FILE = "面试汇总/Info.plist";
				LD_RUNPATH_SEARCH_PATHS = "$(inherited) @executable_path/Frameworks";
				PRODUCT_BUNDLE_IDENTIFIER = "Qibei.com.----";
				PRODUCT_NAME = "$(TARGET_NAME)";
			};
			name = Release;
		};
		096A553F1DF429C500236BA3 /* Debug */ = {
			isa = XCBuildConfiguration;
			buildSettings = {
				BUNDLE_LOADER = "$(TEST_HOST)";
				INFOPLIST_FILE = "面试汇总Tests/Info.plist";
				LD_RUNPATH_SEARCH_PATHS = "$(inherited) @executable_path/Frameworks @loader_path/Frameworks";
				PRODUCT_BUNDLE_IDENTIFIER = "Qibei.com.----Tests";
				PRODUCT_NAME = "$(TARGET_NAME)";
				TEST_HOST = "$(BUILT_PRODUCTS_DIR)/面试汇总.app/面试汇总";
			};
			name = Debug;
		};
		096A55401DF429C500236BA3 /* Release */ = {
			isa = XCBuildConfiguration;
			buildSettings = {
				BUNDLE_LOADER = "$(TEST_HOST)";
				INFOPLIST_FILE = "面试汇总Tests/Info.plist";
				LD_RUNPATH_SEARCH_PATHS = "$(inherited) @executable_path/Frameworks @loader_path/Frameworks";
				PRODUCT_BUNDLE_IDENTIFIER = "Qibei.com.----Tests";
				PRODUCT_NAME = "$(TARGET_NAME)";
				TEST_HOST = "$(BUILT_PRODUCTS_DIR)/面试汇总.app/面试汇总";
			};
			name = Release;
		};
		096A55421DF429C500236BA3 /* Debug */ = {
			isa = XCBuildConfiguration;
			buildSettings = {
				INFOPLIST_FILE = "面试汇总UITests/Info.plist";
				LD_RUNPATH_SEARCH_PATHS = "$(inherited) @executable_path/Frameworks @loader_path/Frameworks";
				PRODUCT_BUNDLE_IDENTIFIER = "Qibei.com.----UITests";
				PRODUCT_NAME = "$(TARGET_NAME)";
				TEST_TARGET_NAME = "面试汇总";
				USES_XCTRUNNER = YES;
			};
			name = Debug;
		};
		096A55431DF429C500236BA3 /* Release */ = {
			isa = XCBuildConfiguration;
			buildSettings = {
				INFOPLIST_FILE = "面试汇总UITests/Info.plist";
				LD_RUNPATH_SEARCH_PATHS = "$(inherited) @executable_path/Frameworks @loader_path/Frameworks";
				PRODUCT_BUNDLE_IDENTIFIER = "Qibei.com.----UITests";
				PRODUCT_NAME = "$(TARGET_NAME)";
				TEST_TARGET_NAME = "面试汇总";
				USES_XCTRUNNER = YES;
			};
			name = Release;
		};
/* End XCBuildConfiguration section */

/* Begin XCConfigurationList section */
		096A55091DF429C500236BA3 /* Build configuration list for PBXProject "面试汇总" */ = {
			isa = XCConfigurationList;
			buildConfigurations = (
				096A55391DF429C500236BA3 /* Debug */,
				096A553A1DF429C500236BA3 /* Release */,
			);
			defaultConfigurationIsVisible = 0;
			defaultConfigurationName = Release;
		};
		096A553B1DF429C500236BA3 /* Build configuration list for PBXNativeTarget "面试汇总" */ = {
			isa = XCConfigurationList;
			buildConfigurations = (
				096A553C1DF429C500236BA3 /* Debug */,
				096A553D1DF429C500236BA3 /* Release */,
			);
			defaultConfigurationIsVisible = 0;
			defaultConfigurationName = Release;
		};
		096A553E1DF429C500236BA3 /* Build configuration list for PBXNativeTarget "面试汇总Tests" */ = {
			isa = XCConfigurationList;
			buildConfigurations = (
				096A553F1DF429C500236BA3 /* Debug */,
				096A55401DF429C500236BA3 /* Release */,
			);
			defaultConfigurationIsVisible = 0;
			defaultConfigurationName = Release;
		};
		096A55411DF429C500236BA3 /* Build configuration list for PBXNativeTarget "面试汇总UITests" */ = {
			isa = XCConfigurationList;
			buildConfigurations = (
				096A55421DF429C500236BA3 /* Debug */,
				096A55431DF429C500236BA3 /* Release */,
			);
			defaultConfigurationIsVisible = 0;
			defaultConfigurationName = Release;
		};
/* End XCConfigurationList section */
	};
	rootObject = 096A55061DF429C500236BA3 /* Project object */;
}
